
Microsoft Visual Studio Solution File, Format Version 12.00
# Visual Studio Version 16
VisualStudioVersion = 16.0.33328.57
MinimumVisualStudioVersion = 10.0.40219.1
Project("{FAE04EC0-301F-11D3-BF4B-00C04F79EFBC}") = "Steganography", "Steganography\Steganography.csproj", "{08D44234-F83B-456F-BAC9-6D7ADD9174E4}"
EndProject
Global
	GlobalSection(SolutionConfigurationPlatforms) = preSolution
		Debug|Any CPU = Debug|Any CPU
		Release|Any CPU = Release|Any CPU
	EndGlobalSection
	GlobalSection(ProjectConfigurationPlatforms) = postSolution
		{08D44234-F83B-456F-BAC9-6D7ADD9174E4}.Debug|Any CPU.ActiveCfg = Debug|Any CPU
		{08D44234-F83B-456F-BAC9-6D7ADD9174E4}.Debug|Any CPU.Build.0 = Debug|Any CPU
		{08D44234-F83B-456F-BAC9-6D7ADD9174E4}.Release|Any CPU.ActiveCfg = Release|Any CPU
		{08D44234-F83B-456F-BAC9-6D7ADD9174E4}.Release|Any CPU.Build.0 = Release|Any CPU
	EndGlobalSection
	GlobalSection(SolutionProperties) = preSolution
		HideSolutionNode = FALSE
	EndGlobalSection
	GlobalSection(ExtensibilityGlobals) = postSolution
		SolutionGuid = {76DDDF0D-E35C-4623-9EB4-53F0D4FAD169}
	EndGlobalSection
EndGlobal
